// !$*UTF8*$!
{
	archiveVersion = 1;
	classes = {
	};
	objectVersion = 50;
	objects = {

/* Begin PBXBuildFile section */
		3D0656D028EB2979001FBE0D /* AppDelegate.swift in Sources */ = {isa = PBXBuildFile; fileRef = 3D0656CF28EB2979001FBE0D /* AppDelegate.swift */; };
		3D0656D228EB2979001FBE0D /* PresidenteController.swift in Sources */ = {isa = PBXBuildFile; fileRef = 3D0656D128EB2979001FBE0D /* PresidenteController.swift */; };
		3D0656D528EB2979001FBE0D /* Main.storyboard in Resources */ = {isa = PBXBuildFile; fileRef = 3D0656D328EB2979001FBE0D /* Main.storyboard */; };
		3D0656D728EB297C001FBE0D /* Assets.xcassets in Resources */ = {isa = PBXBuildFile; fileRef = 3D0656D628EB297C001FBE0D /* Assets.xcassets */; };
		3D0656DA28EB297C001FBE0D /* LaunchScreen.storyboard in Resources */ = {isa = PBXBuildFile; fileRef = 3D0656D828EB297C001FBE0D /* LaunchScreen.storyboard */; };
		3D0656E228EB2FAC001FBE0D /* presidente.swift in Sources */ = {isa = PBXBuildFile; fileRef = 3D0656E128EB2FAC001FBE0D /* presidente.swift */; };
		3D0656E428EB331A001FBE0D /* DetallesPresidenteController.swift in Sources */ = {isa = PBXBuildFile; fileRef = 3D0656E328EB331A001FBE0D /* DetallesPresidenteController.swift */; };
		3D0B3A9328F07C5400EEBCDA /* Biografia.swift in Sources */ = {isa = PBXBuildFile; fileRef = 3D0B3A9228F07C5400EEBCDA /* Biografia.swift */; };
		3D0B3A9528F07CD300EEBCDA /* CeldaBiografiaController.swift in Sources */ = {isa = PBXBuildFile; fileRef = 3D0B3A9428F07CD300EEBCDA /* CeldaBiografiaController.swift */; };
		3D0B3A9728F07DD200EEBCDA /* BiografiaController.swift in Sources */ = {isa = PBXBuildFile; fileRef = 3D0B3A9628F07DD200EEBCDA /* BiografiaController.swift */; };
		3DD4B2E628EDD5E500070FE8 /* CeldaPresidenteController.swift in Sources */ = {isa = PBXBuildFile; fileRef = 3DD4B2E528EDD5E500070FE8 /* CeldaPresidenteController.swift */; };
/* End PBXBuildFile section */

/* Begin PBXFileReference section */
		3D0656CC28EB2979001FBE0D /* project2.app */ = {isa = PBXFileReference; explicitFileType = wrapper.application; includeInIndex = 0; path = project2.app; sourceTree = BUILT_PRODUCTS_DIR; };
		3D0656CF28EB2979001FBE0D /* AppDelegate.swift */ = {isa = PBXFileReference; lastKnownFileType = sourcecode.swift; path = AppDelegate.swift; sourceTree = "<group>"; };
		3D0656D128EB2979001FBE0D /* PresidenteController.swift */ = {isa = PBXFileReference; lastKnownFileType = sourcecode.swift; path = PresidenteController.swift; sourceTree = "<group>"; };
		3D0656D428EB2979001FBE0D /* Base */ = {isa = PBXFileReference; lastKnownFileType = file.storyboard; name = Base; path = Base.lproj/Main.storyboard; sourceTree = "<group>"; };
		3D0656D628EB297C001FBE0D /* Assets.xcassets */ = {isa = PBXFileReference; lastKnownFileType = folder.assetcatalog; path = Assets.xcassets; sourceTree = "<group>"; };
		3D0656D928EB297C001FBE0D /* Base */ = {isa = PBXFileReference; lastKnownFileType = file.storyboard; name = Base; path = Base.lproj/LaunchScreen.storyboard; sourceTree = "<group>"; };
		3D0656DB28EB297C001FBE0D /* Info.plist */ = {isa = PBXFileReference; lastKnownFileType = text.plist.xml; path = Info.plist; sourceTree = "<group>"; };
		3D0656E128EB2FAC001FBE0D /* presidente.swift */ = {isa = PBXFileReference; lastKnownFileType = sourcecode.swift; path = presidente.swift; sourceTree = "<group>"; };
		3D0656E328EB331A001FBE0D /* DetallesPresidenteController.swift */ = {isa = PBXFileReference; lastKnownFileType = sourcecode.swift; path = DetallesPresidenteController.swift; sourceTree = "<group>"; };
		3D0B3A9228F07C5400EEBCDA /* Biografia.swift */ = {isa = PBXFileReference; lastKnownFileType = sourcecode.swift; path = Biografia.swift; sourceTree = "<group>"; };
		3D0B3A9428F07CD300EEBCDA /* CeldaBiografiaController.swift */ = {isa = PBXFileReference; lastKnownFileType = sourcecode.swift; path = CeldaBiografiaController.swift; sourceTree = "<group>"; };
		3D0B3A9628F07DD200EEBCDA /* BiografiaController.swift */ = {isa = PBXFileReference; lastKnownFileType = sourcecode.swift; path = BiografiaController.swift; sourceTree = "<group>"; };
		3DD4B2E528EDD5E500070FE8 /* CeldaPresidenteController.swift */ = {isa = PBXFileReference; lastKnownFileType = sourcecode.swift; path = CeldaPresidenteController.swift; sourceTree = "<group>"; };
/* End PBXFileReference section */

/* Begin PBXFrameworksBuildPhase section */
		3D0656C928EB2979001FBE0D /* Frameworks */ = {
			isa = PBXFrameworksBuildPhase;
			buildActionMask = 2147483647;
			files = (
			);
			runOnlyForDeploymentPostprocessing = 0;
		};
/* End PBXFrameworksBuildPhase section */

/* Begin PBXGroup section */
		3D0656C328EB2978001FBE0D = {
			isa = PBXGroup;
			children = (
				3D0656CE28EB2979001FBE0D /* project2 */,
				3D0656CD28EB2979001FBE0D /* Products */,
			);
			sourceTree = "<group>";
		};
		3D0656CD28EB2979001FBE0D /* Products */ = {
			isa = PBXGroup;
			children = (
				3D0656CC28EB2979001FBE0D /* project2.app */,
			);
			name = Products;
			sourceTree = "<group>";
		};
		3D0656CE28EB2979001FBE0D /* project2 */ = {
			isa = PBXGroup;
			children = (
				3DD4B2E428EDD41F00070FE8 /* Modelos */,
				3DD4B2E328EDD41300070FE8 /* Recursos */,
				3DD4B2E228EDD3FC00070FE8 /* App */,
				3D0656E628EB3536001FBE0D /* Vistas */,
				3D0656E528EB34E3001FBE0D /* Controller */,
			);
			path = project2;
			sourceTree = "<group>";
		};
		3D0656E528EB34E3001FBE0D /* Controller */ = {
			isa = PBXGroup;
			children = (
				3D0656D128EB2979001FBE0D /* PresidenteController.swift */,
				3D0656E328EB331A001FBE0D /* DetallesPresidenteController.swift */,
				3D0B3A9428F07CD300EEBCDA /* CeldaBiografiaController.swift */,
				3D0B3A9628F07DD200EEBCDA /* BiografiaController.swift */,
				3DD4B2E528EDD5E500070FE8 /* CeldaPresidenteController.swift */,
			);
			name = Controller;
			sourceTree = "<group>";
		};
		3D0656E628EB3536001FBE0D /* Vistas */ = {
			isa = PBXGroup;
			children = (
				3D0656D828EB297C001FBE0D /* LaunchScreen.storyboard */,
				3D0656D328EB2979001FBE0D /* Main.storyboard */,
			);
			name = Vistas;
			sourceTree = "<group>";
		};
		3DD4B2E228EDD3FC00070FE8 /* App */ = {
			isa = PBXGroup;
			children = (
				3D0656CF28EB2979001FBE0D /* AppDelegate.swift */,
				3D0656DB28EB297C001FBE0D /* Info.plist */,
			);
			name = App;
			sourceTree = "<group>";
		};
		3DD4B2E328EDD41300070FE8 /* Recursos */ = {
			isa = PBXGroup;
			children = (
				3D0656D628EB297C001FBE0D /* Assets.xcassets */,
			);
			name = Recursos;
			sourceTree = "<group>";
		};
		3DD4B2E428EDD41F00070FE8 /* Modelos */ = {
			isa = PBXGroup;
			children = (
				3D0656E128EB2FAC001FBE0D /* presidente.swift */,
				3D0B3A9228F07C5400EEBCDA /* Biografia.swift */,
			);
			name = Modelos;
			sourceTree = "<group>";
		};
/* End PBXGroup section */

/* Begin PBXNativeTarget section */
		3D0656CB28EB2979001FBE0D /* project2 */ = {
			isa = PBXNativeTarget;
			buildConfigurationList = 3D0656DE28EB297C001FBE0D /* Build configuration list for PBXNativeTarget "project2" */;
			buildPhases = (
				3D0656C828EB2979001FBE0D /* Sources */,
				3D0656C928EB2979001FBE0D /* Frameworks */,
				3D0656CA28EB2979001FBE0D /* Resources */,
			);
			buildRules = (
			);
			dependencies = (
			);
			name = project2;
			productName = project2;
			productReference = 3D0656CC28EB2979001FBE0D /* project2.app */;
			productType = "com.apple.product-type.application";
		};
/* End PBXNativeTarget section */

/* Begin PBXProject section */
		3D0656C428EB2978001FBE0D /* Project object */ = {
			isa = PBXProject;
			attributes = {
				LastSwiftUpdateCheck = 0940;
				LastUpgradeCheck = 0940;
				ORGANIZATIONNAME = Alumno;
				TargetAttributes = {
					3D0656CB28EB2979001FBE0D = {
						CreatedOnToolsVersion = 9.4.1;
					};
				};
			};
			buildConfigurationList = 3D0656C728EB2978001FBE0D /* Build configuration list for PBXProject "project2" */;
			compatibilityVersion = "Xcode 9.3";
			developmentRegion = en;
			hasScannedForEncodings = 0;
			knownRegions = (
				en,
				Base,
			);
			mainGroup = 3D0656C328EB2978001FBE0D;
			productRefGroup = 3D0656CD28EB2979001FBE0D /* Products */;
			projectDirPath = "";
			projectRoot = "";
			targets = (
				3D0656CB28EB2979001FBE0D /* project2 */,
			);
		};
/* End PBXProject section */

/* Begin PBXResourcesBuildPhase section */
		3D0656CA28EB2979001FBE0D /* Resources */ = {
			isa = PBXResourcesBuildPhase;
			buildActionMask = 2147483647;
			files = (
				3D0656DA28EB297C001FBE0D /* LaunchScreen.storyboard in Resources */,
				3D0656D728EB297C001FBE0D /* Assets.xcassets in Resources */,
				3D0656D528EB2979001FBE0D /* Main.storyboard in Resources */,
			);
			runOnlyForDeploymentPostprocessing = 0;
		};
/* End PBXResourcesBuildPhase section */

/* Begin PBXSourcesBuildPhase section */
		3D0656C828EB2979001FBE0D /* Sources */ = {
			isa = PBXSourcesBuildPhase;
			buildActionMask = 2147483647;
			files = (
				3D0B3A9528F07CD300EEBCDA /* CeldaBiografiaController.swift in Sources */,
				3D0656D228EB2979001FBE0D /* PresidenteController.swift in Sources */,
				3D0656D028EB2979001FBE0D /* AppDelegate.swift in Sources */,
				3D0656E228EB2FAC001FBE0D /* presidente.swift in Sources */,
				3D0B3A9728F07DD200EEBCDA /* BiografiaController.swift in Sources */,
				3D0656E428EB331A001FBE0D /* DetallesPresidenteController.swift in Sources */,
				3D0B3A9328F07C5400EEBCDA /* Biografia.swift in Sources */,
				3DD4B2E628EDD5E500070FE8 /* CeldaPresidenteController.swift in Sources */,
			);
			runOnlyForDeploymentPostprocessing = 0;
		};
/* End PBXSourcesBuildPhase section */

/* Begin PBXVariantGroup section */
		3D0656D328EB2979001FBE0D /* Main.storyboard */ = {
			isa = PBXVariantGroup;
			children = (
				3D0656D428EB2979001FBE0D /* Base */,
			);
			name = Main.storyboard;
			sourceTree = "<group>";
		};
		3D0656D828EB297C001FBE0D /* LaunchScreen.storyboard */ = {
			isa = PBXVariantGroup;
			children = (
				3D0656D928EB297C001FBE0D /* Base */,
			);
			name = LaunchScreen.storyboard;
			sourceTree = "<group>";
		};
/* End PBXVariantGroup section */

/* Begin XCBuildConfiguration section */
		3D0656DC28EB297C001FBE0D /* Debug */ = {
			isa = XCBuildConfiguration;
			buildSettings = {
				ALWAYS_SEARCH_USER_PATHS = NO;
				CLANG_ANALYZER_NONNULL = YES;
				CLANG_ANALYZER_NUMBER_OBJECT_CONVERSION = YES_AGGRESSIVE;
				CLANG_CXX_LANGUAGE_STANDARD = "gnu++14";
				CLANG_CXX_LIBRARY = "libc++";
				CLANG_ENABLE_MODULES = YES;
				CLANG_ENABLE_OBJC_ARC = YES;
				CLANG_ENABLE_OBJC_WEAK = YES;
				CLANG_WARN_BLOCK_CAPTURE_AUTORELEASING = YES;
				CLANG_WARN_BOOL_CONVERSION = YES;
				CLANG_WARN_COMMA = YES;
				CLANG_WARN_CONSTANT_CONVERSION = YES;
				CLANG_WARN_DEPRECATED_OBJC_IMPLEMENTATIONS = YES;
				CLANG_WARN_DIRECT_OBJC_ISA_USAGE = YES_ERROR;
				CLANG_WARN_DOCUMENTATION_COMMENTS = YES;
				CLANG_WARN_EMPTY_BODY = YES;
				CLANG_WARN_ENUM_CONVERSION = YES;
				CLANG_WARN_INFINITE_RECURSION = YES;
				CLANG_WARN_INT_CONVERSION = YES;
				CLANG_WARN_NON_LITERAL_NULL_CONVERSION = YES;
				CLANG_WARN_OBJC_IMPLICIT_RETAIN_SELF = YES;
				CLANG_WARN_OBJC_LITERAL_CONVERSION = YES;
				CLANG_WARN_OBJC_ROOT_CLASS = YES_ERROR;
				CLANG_WARN_RANGE_LOOP_ANALYSIS = YES;
				CLANG_WARN_STRICT_PROTOTYPES = YES;
				CLANG_WARN_SUSPICIOUS_MOVE = YES;
				CLANG_WARN_UNGUARDED_AVAILABILITY = YES_AGGRESSIVE;
				CLANG_WARN_UNREACHABLE_CODE = YES;
				CLANG_WARN__DUPLICATE_METHOD_MATCH = YES;
				CODE_SIGN_IDENTITY = "iPhone Developer";
				COPY_PHASE_STRIP = NO;
				DEBUG_INFORMATION_FORMAT = dwarf;
				ENABLE_STRICT_OBJC_MSGSEND = YES;
				ENABLE_TESTABILITY = YES;
				GCC_C_LANGUAGE_STANDARD = gnu11;
				GCC_DYNAMIC_NO_PIC = NO;
				GCC_NO_COMMON_BLOCKS = YES;
				GCC_OPTIMIZATION_LEVEL = 0;
				GCC_PREPROCESSOR_DEFINITIONS = (
					"DEBUG=1",
					"$(inherited)",
				);
				GCC_WARN_64_TO_32_BIT_CONVERSION = YES;
				GCC_WARN_ABOUT_RETURN_TYPE = YES_ERROR;
				GCC_WARN_UNDECLARED_SELECTOR = YES;
				GCC_WARN_UNINITIALIZED_AUTOS = YES_AGGRESSIVE;
				GCC_WARN_UNUSED_FUNCTION = YES;
				GCC_WARN_UNUSED_VARIABLE = YES;
				IPHONEOS_DEPLOYMENT_TARGET = 11.4;
				MTL_ENABLE_DEBUG_INFO = YES;
				ONLY_ACTIVE_ARCH = YES;
				SDKROOT = iphoneos;
				SWIFT_ACTIVE_COMPILATION_CONDITIONS = DEBUG;
				SWIFT_OPTIMIZATION_LEVEL = "-Onone";
			};
			name = Debug;
		};
		3D0656DD28EB297C001FBE0D /* Release */ = {
			isa = XCBuildConfiguration;
			buildSettings = {
				ALWAYS_SEARCH_USER_PATHS = NO;
				CLANG_ANALYZER_NONNULL = YES;
				CLANG_ANALYZER_NUMBER_OBJECT_CONVERSION = YES_AGGRESSIVE;
				CLANG_CXX_LANGUAGE_STANDARD = "gnu++14";
				CLANG_CXX_LIBRARY = "libc++";
				CLANG_ENABLE_MODULES = YES;
				CLANG_ENABLE_OBJC_ARC = YES;
				CLANG_ENABLE_OBJC_WEAK = YES;
				CLANG_WARN_BLOCK_CAPTURE_AUTORELEASING = YES;
				CLANG_WARN_BOOL_CONVERSION = YES;
				CLANG_WARN_COMMA = YES;
				CLANG_WARN_CONSTANT_CONVERSION = YES;
				CLANG_WARN_DEPRECATED_OBJC_IMPLEMENTATIONS = YES;
				CLANG_WARN_DIRECT_OBJC_ISA_USAGE = YES_ERROR;
				CLANG_WARN_DOCUMENTATION_COMMENTS = YES;
				CLANG_WARN_EMPTY_BODY = YES;
				CLANG_WARN_ENUM_CONVERSION = YES;
				CLANG_WARN_INFINITE_RECURSION = YES;
				CLANG_WARN_INT_CONVERSION = YES;
				CLANG_WARN_NON_LITERAL_NULL_CONVERSION = YES;
				CLANG_WARN_OBJC_IMPLICIT_RETAIN_SELF = YES;
				CLANG_WARN_OBJC_LITERAL_CONVERSION = YES;
				CLANG_WARN_OBJC_ROOT_CLASS = YES_ERROR;
				CLANG_WARN_RANGE_LOOP_ANALYSIS = YES;
				CLANG_WARN_STRICT_PROTOTYPES = YES;
				CLANG_WARN_SUSPICIOUS_MOVE = YES;
				CLANG_WARN_UNGUARDED_AVAILABILITY = YES_AGGRESSIVE;
				CLANG_WARN_UNREACHABLE_CODE = YES;
				CLANG_WARN__DUPLICATE_METHOD_MATCH = YES;
				CODE_SIGN_IDENTITY = "iPhone Developer";
				COPY_PHASE_STRIP = NO;
				DEBUG_INFORMATION_FORMAT = "dwarf-with-dsym";
				ENABLE_NS_ASSERTIONS = NO;
				ENABLE_STRICT_OBJC_MSGSEND = YES;
				GCC_C_LANGUAGE_STANDARD = gnu11;
				GCC_NO_COMMON_BLOCKS = YES;
				GCC_WARN_64_TO_32_BIT_CONVERSION = YES;
				GCC_WARN_ABOUT_RETURN_TYPE = YES_ERROR;
				GCC_WARN_UNDECLARED_SELECTOR = YES;
				GCC_WARN_UNINITIALIZED_AUTOS = YES_AGGRESSIVE;
				GCC_WARN_UNUSED_FUNCTION = YES;
				GCC_WARN_UNUSED_VARIABLE = YES;
				IPHONEOS_DEPLOYMENT_TARGET = 11.4;
				MTL_ENABLE_DEBUG_INFO = NO;
				SDKROOT = iphoneos;
				SWIFT_COMPILATION_MODE = wholemodule;
				SWIFT_OPTIMIZATION_LEVEL = "-O";
				VALIDATE_PRODUCT = YES;
			};
			name = Release;
		};
		3D0656DF28EB297C001FBE0D /* Debug */ = {
			isa = XCBuildConfiguration;
			buildSettings = {
				ASSETCATALOG_COMPILER_APPICON_NAME = AppIcon;
				CODE_SIGN_STYLE = Automatic;
				INFOPLIST_FILE = project2/Info.plist;
				LD_RUNPATH_SEARCH_PATHS = (
					"$(inherited)",
					"@executable_path/Frameworks",
				);
				PRODUCT_BUNDLE_IDENTIFIER = edu.ulsa.project2;
				PRODUCT_NAME = "$(TARGET_NAME)";
				SWIFT_VERSION = 4.0;
				TARGETED_DEVICE_FAMILY = "1,2";
			};
			name = Debug;
		};
		3D0656E028EB297C001FBE0D /* Release */ = {
			isa = XCBuildConfiguration;
			buildSettings = {
				ASSETCATALOG_COMPILER_APPICON_NAME = AppIcon;
				CODE_SIGN_STYLE = Automatic;
				INFOPLIST_FILE = project2/Info.plist;
				LD_RUNPATH_SEARCH_PATHS = (
					"$(inherited)",
					"@executable_path/Frameworks",
				);
				PRODUCT_BUNDLE_IDENTIFIER = edu.ulsa.project2;
				PRODUCT_NAME = "$(TARGET_NAME)";
				SWIFT_VERSION = 4.0;
				TARGETED_DEVICE_FAMILY = "1,2";
			};
			name = Release;
		};
/* End XCBuildConfiguration section */

/* Begin XCConfigurationList section */
		3D0656C728EB2978001FBE0D /* Build configuration list for PBXProject "project2" */ = {
			isa = XCConfigurationList;
			buildConfigurations = (
				3D0656DC28EB297C001FBE0D /* Debug */,
				3D0656DD28EB297C001FBE0D /* Release */,
			);
			defaultConfigurationIsVisible = 0;
			defaultConfigurationName = Release;
		};
		3D0656DE28EB297C001FBE0D /* Build configuration list for PBXNativeTarget "project2" */ = {
			isa = XCConfigurationList;
			buildConfigurations = (
				3D0656DF28EB297C001FBE0D /* Debug */,
				3D0656E028EB297C001FBE0D /* Release */,
			);
			defaultConfigurationIsVisible = 0;
			defaultConfigurationName = Release;
		};
/* End XCConfigurationList section */
	};
	rootObject = 3D0656C428EB2978001FBE0D /* Project object */;
}
